// !$*UTF8*$!
{
	archiveVersion = 1;
	classes = {
	};
	objectVersion = 50;
	objects = {

/* Begin PBXBuildFile section */
		6889913C262884AD00558290 /* AppDelegate.swift in Sources */ = {isa = PBXBuildFile; fileRef = 6889913B262884AD00558290 /* AppDelegate.swift */; };
		6889913E262884AD00558290 /* SceneDelegate.swift in Sources */ = {isa = PBXBuildFile; fileRef = 6889913D262884AD00558290 /* SceneDelegate.swift */; };
		68899140262884AD00558290 /* ViewController.swift in Sources */ = {isa = PBXBuildFile; fileRef = 6889913F262884AD00558290 /* ViewController.swift */; };
		68899143262884AD00558290 /* Main.storyboard in Resources */ = {isa = PBXBuildFile; fileRef = 68899141262884AD00558290 /* Main.storyboard */; };
		68899146262884AD00558290 /* WorkoutRecorder_src.xcdatamodeld in Sources */ = {isa = PBXBuildFile; fileRef = 68899144262884AD00558290 /* WorkoutRecorder_src.xcdatamodeld */; };
		68899148262884AF00558290 /* Assets.xcassets in Resources */ = {isa = PBXBuildFile; fileRef = 68899147262884AF00558290 /* Assets.xcassets */; };
		6889914B262884AF00558290 /* LaunchScreen.storyboard in Resources */ = {isa = PBXBuildFile; fileRef = 68899149262884AF00558290 /* LaunchScreen.storyboard */; };
		68899156262884AF00558290 /* WorkoutRecorder_srcTests.swift in Sources */ = {isa = PBXBuildFile; fileRef = 68899155262884AF00558290 /* WorkoutRecorder_srcTests.swift */; };
		68899161262884B000558290 /* WorkoutRecorder_srcUITests.swift in Sources */ = {isa = PBXBuildFile; fileRef = 68899160262884B000558290 /* WorkoutRecorder_srcUITests.swift */; };
		68899186262B1D8800558290 /* AddListViewController.swift in Sources */ = {isa = PBXBuildFile; fileRef = 68899185262B1D8800558290 /* AddListViewController.swift */; };
		68899199262F1F8300558290 /* HistoryTableViewCustomCell.swift in Sources */ = {isa = PBXBuildFile; fileRef = 68899197262F1F8300558290 /* HistoryTableViewCustomCell.swift */; };
		6889919A262F1F8300558290 /* HistoryTableViewCustomCell.xib in Resources */ = {isa = PBXBuildFile; fileRef = 68899198262F1F8300558290 /* HistoryTableViewCustomCell.xib */; };
		689B050B263A15E500DDFE5D /* implicits.swift in Sources */ = {isa = PBXBuildFile; fileRef = 689B050A263A15E500DDFE5D /* implicits.swift */; };
/* End PBXBuildFile section */

/* Begin PBXContainerItemProxy section */
		68899152262884AF00558290 /* PBXContainerItemProxy */ = {
			isa = PBXContainerItemProxy;
			containerPortal = 68899130262884AD00558290 /* Project object */;
			proxyType = 1;
			remoteGlobalIDString = 68899137262884AD00558290;
			remoteInfo = WorkoutRecorder_src;
		};
		6889915D262884B000558290 /* PBXContainerItemProxy */ = {
			isa = PBXContainerItemProxy;
			containerPortal = 68899130262884AD00558290 /* Project object */;
			proxyType = 1;
			remoteGlobalIDString = 68899137262884AD00558290;
			remoteInfo = WorkoutRecorder_src;
		};
/* End PBXContainerItemProxy section */

/* Begin PBXFileReference section */
		68899138262884AD00558290 /* WorkoutRecorder_src.app */ = {isa = PBXFileReference; explicitFileType = wrapper.application; includeInIndex = 0; path = WorkoutRecorder_src.app; sourceTree = BUILT_PRODUCTS_DIR; };
		6889913B262884AD00558290 /* AppDelegate.swift */ = {isa = PBXFileReference; lastKnownFileType = sourcecode.swift; path = AppDelegate.swift; sourceTree = "<group>"; };
		6889913D262884AD00558290 /* SceneDelegate.swift */ = {isa = PBXFileReference; lastKnownFileType = sourcecode.swift; path = SceneDelegate.swift; sourceTree = "<group>"; };
		6889913F262884AD00558290 /* ViewController.swift */ = {isa = PBXFileReference; lastKnownFileType = sourcecode.swift; path = ViewController.swift; sourceTree = "<group>"; };
		68899142262884AD00558290 /* Base */ = {isa = PBXFileReference; lastKnownFileType = file.storyboard; name = Base; path = Base.lproj/Main.storyboard; sourceTree = "<group>"; };
		68899145262884AD00558290 /* WorkoutRecorder_src.xcdatamodel */ = {isa = PBXFileReference; lastKnownFileType = wrapper.xcdatamodel; path = WorkoutRecorder_src.xcdatamodel; sourceTree = "<group>"; };
		68899147262884AF00558290 /* Assets.xcassets */ = {isa = PBXFileReference; lastKnownFileType = folder.assetcatalog; path = Assets.xcassets; sourceTree = "<group>"; };
		6889914A262884AF00558290 /* Base */ = {isa = PBXFileReference; lastKnownFileType = file.storyboard; name = Base; path = Base.lproj/LaunchScreen.storyboard; sourceTree = "<group>"; };
		6889914C262884AF00558290 /* Info.plist */ = {isa = PBXFileReference; lastKnownFileType = text.plist.xml; path = Info.plist; sourceTree = "<group>"; };
		68899151262884AF00558290 /* WorkoutRecorder_srcTests.xctest */ = {isa = PBXFileReference; explicitFileType = wrapper.cfbundle; includeInIndex = 0; path = WorkoutRecorder_srcTests.xctest; sourceTree = BUILT_PRODUCTS_DIR; };
		68899155262884AF00558290 /* WorkoutRecorder_srcTests.swift */ = {isa = PBXFileReference; lastKnownFileType = sourcecode.swift; path = WorkoutRecorder_srcTests.swift; sourceTree = "<group>"; };
		68899157262884AF00558290 /* Info.plist */ = {isa = PBXFileReference; lastKnownFileType = text.plist.xml; path = Info.plist; sourceTree = "<group>"; };
		6889915C262884B000558290 /* WorkoutRecorder_srcUITests.xctest */ = {isa = PBXFileReference; explicitFileType = wrapper.cfbundle; includeInIndex = 0; path = WorkoutRecorder_srcUITests.xctest; sourceTree = BUILT_PRODUCTS_DIR; };
		68899160262884B000558290 /* WorkoutRecorder_srcUITests.swift */ = {isa = PBXFileReference; lastKnownFileType = sourcecode.swift; path = WorkoutRecorder_srcUITests.swift; sourceTree = "<group>"; };
		68899162262884B000558290 /* Info.plist */ = {isa = PBXFileReference; lastKnownFileType = text.plist.xml; path = Info.plist; sourceTree = "<group>"; };
		68899185262B1D8800558290 /* AddListViewController.swift */ = {isa = PBXFileReference; lastKnownFileType = sourcecode.swift; path = AddListViewController.swift; sourceTree = "<group>"; };
		68899197262F1F8300558290 /* HistoryTableViewCustomCell.swift */ = {isa = PBXFileReference; lastKnownFileType = sourcecode.swift; path = HistoryTableViewCustomCell.swift; sourceTree = "<group>"; };
		68899198262F1F8300558290 /* HistoryTableViewCustomCell.xib */ = {isa = PBXFileReference; lastKnownFileType = file.xib; path = HistoryTableViewCustomCell.xib; sourceTree = "<group>"; };
		689B050A263A15E500DDFE5D /* implicits.swift */ = {isa = PBXFileReference; lastKnownFileType = sourcecode.swift; path = implicits.swift; sourceTree = "<group>"; };
/* End PBXFileReference section */

/* Begin PBXFrameworksBuildPhase section */
		68899135262884AD00558290 /* Frameworks */ = {
			isa = PBXFrameworksBuildPhase;
			buildActionMask = 2147483647;
			files = (
			);
			runOnlyForDeploymentPostprocessing = 0;
		};
		6889914E262884AF00558290 /* Frameworks */ = {
			isa = PBXFrameworksBuildPhase;
			buildActionMask = 2147483647;
			files = (
			);
			runOnlyForDeploymentPostprocessing = 0;
		};
		68899159262884B000558290 /* Frameworks */ = {
			isa = PBXFrameworksBuildPhase;
			buildActionMask = 2147483647;
			files = (
			);
			runOnlyForDeploymentPostprocessing = 0;
		};
/* End PBXFrameworksBuildPhase section */

/* Begin PBXGroup section */
		6889912F262884AD00558290 = {
			isa = PBXGroup;
			children = (
				6889913A262884AD00558290 /* WorkoutRecorder_src */,
				68899154262884AF00558290 /* WorkoutRecorder_srcTests */,
				6889915F262884B000558290 /* WorkoutRecorder_srcUITests */,
				68899139262884AD00558290 /* Products */,
			);
			sourceTree = "<group>";
		};
		68899139262884AD00558290 /* Products */ = {
			isa = PBXGroup;
			children = (
				68899138262884AD00558290 /* WorkoutRecorder_src.app */,
				68899151262884AF00558290 /* WorkoutRecorder_srcTests.xctest */,
				6889915C262884B000558290 /* WorkoutRecorder_srcUITests.xctest */,
			);
			name = Products;
			sourceTree = "<group>";
		};
		6889913A262884AD00558290 /* WorkoutRecorder_src */ = {
			isa = PBXGroup;
			children = (
				6889913B262884AD00558290 /* AppDelegate.swift */,
				6889913D262884AD00558290 /* SceneDelegate.swift */,
				6889913F262884AD00558290 /* ViewController.swift */,
				68899197262F1F8300558290 /* HistoryTableViewCustomCell.swift */,
				68899198262F1F8300558290 /* HistoryTableViewCustomCell.xib */,
				68899141262884AD00558290 /* Main.storyboard */,
				68899147262884AF00558290 /* Assets.xcassets */,
				68899149262884AF00558290 /* LaunchScreen.storyboard */,
				6889914C262884AF00558290 /* Info.plist */,
				68899144262884AD00558290 /* WorkoutRecorder_src.xcdatamodeld */,
				68899185262B1D8800558290 /* AddListViewController.swift */,
				689B050A263A15E500DDFE5D /* implicits.swift */,
			);
			path = WorkoutRecorder_src;
			sourceTree = "<group>";
		};
		68899154262884AF00558290 /* WorkoutRecorder_srcTests */ = {
			isa = PBXGroup;
			children = (
				68899155262884AF00558290 /* WorkoutRecorder_srcTests.swift */,
				68899157262884AF00558290 /* Info.plist */,
			);
			path = WorkoutRecorder_srcTests;
			sourceTree = "<group>";
		};
		6889915F262884B000558290 /* WorkoutRecorder_srcUITests */ = {
			isa = PBXGroup;
			children = (
				68899160262884B000558290 /* WorkoutRecorder_srcUITests.swift */,
				68899162262884B000558290 /* Info.plist */,
			);
			path = WorkoutRecorder_srcUITests;
			sourceTree = "<group>";
		};
/* End PBXGroup section */

/* Begin PBXNativeTarget section */
		68899137262884AD00558290 /* WorkoutRecorder_src */ = {
			isa = PBXNativeTarget;
			buildConfigurationList = 68899165262884B000558290 /* Build configuration list for PBXNativeTarget "WorkoutRecorder_src" */;
			buildPhases = (
				68899134262884AD00558290 /* Sources */,
				68899135262884AD00558290 /* Frameworks */,
				68899136262884AD00558290 /* Resources */,
			);
			buildRules = (
			);
			dependencies = (
			);
			name = WorkoutRecorder_src;
			productName = WorkoutRecorder_src;
			productReference = 68899138262884AD00558290 /* WorkoutRecorder_src.app */;
			productType = "com.apple.product-type.application";
		};
		68899150262884AF00558290 /* WorkoutRecorder_srcTests */ = {
			isa = PBXNativeTarget;
			buildConfigurationList = 68899168262884B000558290 /* Build configuration list for PBXNativeTarget "WorkoutRecorder_srcTests" */;
			buildPhases = (
				6889914D262884AF00558290 /* Sources */,
				6889914E262884AF00558290 /* Frameworks */,
				6889914F262884AF00558290 /* Resources */,
			);
			buildRules = (
			);
			dependencies = (
				68899153262884AF00558290 /* PBXTargetDependency */,
			);
			name = WorkoutRecorder_srcTests;
			productName = WorkoutRecorder_srcTests;
			productReference = 68899151262884AF00558290 /* WorkoutRecorder_srcTests.xctest */;
			productType = "com.apple.product-type.bundle.unit-test";
		};
		6889915B262884B000558290 /* WorkoutRecorder_srcUITests */ = {
			isa = PBXNativeTarget;
			buildConfigurationList = 6889916B262884B000558290 /* Build configuration list for PBXNativeTarget "WorkoutRecorder_srcUITests" */;
			buildPhases = (
				68899158262884B000558290 /* Sources */,
				68899159262884B000558290 /* Frameworks */,
				6889915A262884B000558290 /* Resources */,
			);
			buildRules = (
			);
			dependencies = (
				6889915E262884B000558290 /* PBXTargetDependency */,
			);
			name = WorkoutRecorder_srcUITests;
			productName = WorkoutRecorder_srcUITests;
			productReference = 6889915C262884B000558290 /* WorkoutRecorder_srcUITests.xctest */;
			productType = "com.apple.product-type.bundle.ui-testing";
		};
/* End PBXNativeTarget section */

/* Begin PBXProject section */
		68899130262884AD00558290 /* Project object */ = {
			isa = PBXProject;
			attributes = {
				LastSwiftUpdateCheck = 1240;
				LastUpgradeCheck = 1240;
				TargetAttributes = {
					68899137262884AD00558290 = {
						CreatedOnToolsVersion = 12.4;
					};
					68899150262884AF00558290 = {
						CreatedOnToolsVersion = 12.4;
						TestTargetID = 68899137262884AD00558290;
					};
					6889915B262884B000558290 = {
						CreatedOnToolsVersion = 12.4;
						TestTargetID = 68899137262884AD00558290;
					};
				};
			};
			buildConfigurationList = 68899133262884AD00558290 /* Build configuration list for PBXProject "WorkoutRecorder_src" */;
			compatibilityVersion = "Xcode 9.3";
			developmentRegion = en;
			hasScannedForEncodings = 0;
			knownRegions = (
				en,
				Base,
			);
			mainGroup = 6889912F262884AD00558290;
			productRefGroup = 68899139262884AD00558290 /* Products */;
			projectDirPath = "";
			projectRoot = "";
			targets = (
				68899137262884AD00558290 /* WorkoutRecorder_src */,
				68899150262884AF00558290 /* WorkoutRecorder_srcTests */,
				6889915B262884B000558290 /* WorkoutRecorder_srcUITests */,
			);
		};
/* End PBXProject section */

/* Begin PBXResourcesBuildPhase section */
		68899136262884AD00558290 /* Resources */ = {
			isa = PBXResourcesBuildPhase;
			buildActionMask = 2147483647;
			files = (
				6889914B262884AF00558290 /* LaunchScreen.storyboard in Resources */,
				68899148262884AF00558290 /* Assets.xcassets in Resources */,
				68899143262884AD00558290 /* Main.storyboard in Resources */,
				6889919A262F1F8300558290 /* HistoryTableViewCustomCell.xib in Resources */,
			);
			runOnlyForDeploymentPostprocessing = 0;
		};
		6889914F262884AF00558290 /* Resources */ = {
			isa = PBXResourcesBuildPhase;
			buildActionMask = 2147483647;
			files = (
			);
			runOnlyForDeploymentPostprocessing = 0;
		};
		6889915A262884B000558290 /* Resources */ = {
			isa = PBXResourcesBuildPhase;
			buildActionMask = 2147483647;
			files = (
			);
			runOnlyForDeploymentPostprocessing = 0;
		};
/* End PBXResourcesBuildPhase section */

/* Begin PBXSourcesBuildPhase section */
		68899134262884AD00558290 /* Sources */ = {
			isa = PBXSourcesBuildPhase;
			buildActionMask = 2147483647;
			files = (
				68899199262F1F8300558290 /* HistoryTableViewCustomCell.swift in Sources */,
				68899146262884AD00558290 /* WorkoutRecorder_src.xcdatamodeld in Sources */,
				68899186262B1D8800558290 /* AddListViewController.swift in Sources */,
				689B050B263A15E500DDFE5D /* implicits.swift in Sources */,
				68899140262884AD00558290 /* ViewController.swift in Sources */,
				6889913C262884AD00558290 /* AppDelegate.swift in Sources */,
				6889913E262884AD00558290 /* SceneDelegate.swift in Sources */,
			);
			runOnlyForDeploymentPostprocessing = 0;
		};
		6889914D262884AF00558290 /* Sources */ = {
			isa = PBXSourcesBuildPhase;
			buildActionMask = 2147483647;
			files = (
				68899156262884AF00558290 /* WorkoutRecorder_srcTests.swift in Sources */,
			);
			runOnlyForDeploymentPostprocessing = 0;
		};
		68899158262884B000558290 /* Sources */ = {
			isa = PBXSourcesBuildPhase;
			buildActionMask = 2147483647;
			files = (
				68899161262884B000558290 /* WorkoutRecorder_srcUITests.swift in Sources */,
			);
			runOnlyForDeploymentPostprocessing = 0;
		};
/* End PBXSourcesBuildPhase section */

/* Begin PBXTargetDependency section */
		68899153262884AF00558290 /* PBXTargetDependency */ = {
			isa = PBXTargetDependency;
			target = 68899137262884AD00558290 /* WorkoutRecorder_src */;
			targetProxy = 68899152262884AF00558290 /* PBXContainerItemProxy */;
		};
		6889915E262884B000558290 /* PBXTargetDependency */ = {
			isa = PBXTargetDependency;
			target = 68899137262884AD00558290 /* WorkoutRecorder_src */;
			targetProxy = 6889915D262884B000558290 /* PBXContainerItemProxy */;
		};
/* End PBXTargetDependency section */

/* Begin PBXVariantGroup section */
		68899141262884AD00558290 /* Main.storyboard */ = {
			isa = PBXVariantGroup;
			children = (
				68899142262884AD00558290 /* Base */,
			);
			name = Main.storyboard;
			sourceTree = "<group>";
		};
		68899149262884AF00558290 /* LaunchScreen.storyboard */ = {
			isa = PBXVariantGroup;
			children = (
				6889914A262884AF00558290 /* Base */,
			);
			name = LaunchScreen.storyboard;
			sourceTree = "<group>";
		};
/* End PBXVariantGroup section */

/* Begin XCBuildConfiguration section */
		68899163262884B000558290 /* Debug */ = {
			isa = XCBuildConfiguration;
			buildSettings = {
				ALWAYS_SEARCH_USER_PATHS = NO;
				CLANG_ANALYZER_NONNULL = YES;
				CLANG_ANALYZER_NUMBER_OBJECT_CONVERSION = YES_AGGRESSIVE;
				CLANG_CXX_LANGUAGE_STANDARD = "gnu++14";
				CLANG_CXX_LIBRARY = "libc++";
				CLANG_ENABLE_MODULES = YES;
				CLANG_ENABLE_OBJC_ARC = YES;
				CLANG_ENABLE_OBJC_WEAK = YES;
				CLANG_WARN_BLOCK_CAPTURE_AUTORELEASING = YES;
				CLANG_WARN_BOOL_CONVERSION = YES;
				CLANG_WARN_COMMA = YES;
				CLANG_WARN_CONSTANT_CONVERSION = YES;
				CLANG_WARN_DEPRECATED_OBJC_IMPLEMENTATIONS = YES;
				CLANG_WARN_DIRECT_OBJC_ISA_USAGE = YES_ERROR;
				CLANG_WARN_DOCUMENTATION_COMMENTS = YES;
				CLANG_WARN_EMPTY_BODY = YES;
				CLANG_WARN_ENUM_CONVERSION = YES;
				CLANG_WARN_INFINITE_RECURSION = YES;
				CLANG_WARN_INT_CONVERSION = YES;
				CLANG_WARN_NON_LITERAL_NULL_CONVERSION = YES;
				CLANG_WARN_OBJC_IMPLICIT_RETAIN_SELF = YES;
				CLANG_WARN_OBJC_LITERAL_CONVERSION = YES;
				CLANG_WARN_OBJC_ROOT_CLASS = YES_ERROR;
				CLANG_WARN_QUOTED_INCLUDE_IN_FRAMEWORK_HEADER = YES;
				CLANG_WARN_RANGE_LOOP_ANALYSIS = YES;
				CLANG_WARN_STRICT_PROTOTYPES = YES;
				CLANG_WARN_SUSPICIOUS_MOVE = YES;
				CLANG_WARN_UNGUARDED_AVAILABILITY = YES_AGGRESSIVE;
				CLANG_WARN_UNREACHABLE_CODE = YES;
				CLANG_WARN__DUPLICATE_METHOD_MATCH = YES;
				COPY_PHASE_STRIP = NO;
				DEBUG_INFORMATION_FORMAT = dwarf;
				ENABLE_STRICT_OBJC_MSGSEND = YES;
				ENABLE_TESTABILITY = YES;
				GCC_C_LANGUAGE_STANDARD = gnu11;
				GCC_DYNAMIC_NO_PIC = NO;
				GCC_NO_COMMON_BLOCKS = YES;
				GCC_OPTIMIZATION_LEVEL = 0;
				GCC_PREPROCESSOR_DEFINITIONS = (
					"DEBUG=1",
					"$(inherited)",
				);
				GCC_WARN_64_TO_32_BIT_CONVERSION = YES;
				GCC_WARN_ABOUT_RETURN_TYPE = YES_ERROR;
				GCC_WARN_UNDECLARED_SELECTOR = YES;
				GCC_WARN_UNINITIALIZED_AUTOS = YES_AGGRESSIVE;
				GCC_WARN_UNUSED_FUNCTION = YES;
				GCC_WARN_UNUSED_VARIABLE = YES;
				IPHONEOS_DEPLOYMENT_TARGET = 14.4;
				MTL_ENABLE_DEBUG_INFO = INCLUDE_SOURCE;
				MTL_FAST_MATH = YES;
				ONLY_ACTIVE_ARCH = YES;
				SDKROOT = iphoneos;
				SWIFT_ACTIVE_COMPILATION_CONDITIONS = DEBUG;
				SWIFT_OPTIMIZATION_LEVEL = "-Onone";
			};
			name = Debug;
		};
		68899164262884B000558290 /* Release */ = {
			isa = XCBuildConfiguration;
			buildSettings = {
				ALWAYS_SEARCH_USER_PATHS = NO;
				CLANG_ANALYZER_NONNULL = YES;
				CLANG_ANALYZER_NUMBER_OBJECT_CONVERSION = YES_AGGRESSIVE;
				CLANG_CXX_LANGUAGE_STANDARD = "gnu++14";
				CLANG_CXX_LIBRARY = "libc++";
				CLANG_ENABLE_MODULES = YES;
				CLANG_ENABLE_OBJC_ARC = YES;
				CLANG_ENABLE_OBJC_WEAK = YES;
				CLANG_WARN_BLOCK_CAPTURE_AUTORELEASING = YES;
				CLANG_WARN_BOOL_CONVERSION = YES;
				CLANG_WARN_COMMA = YES;
				CLANG_WARN_CONSTANT_CONVERSION = YES;
				CLANG_WARN_DEPRECATED_OBJC_IMPLEMENTATIONS = YES;
				CLANG_WARN_DIRECT_OBJC_ISA_USAGE = YES_ERROR;
				CLANG_WARN_DOCUMENTATION_COMMENTS = YES;
				CLANG_WARN_EMPTY_BODY = YES;
				CLANG_WARN_ENUM_CONVERSION = YES;
				CLANG_WARN_INFINITE_RECURSION = YES;
				CLANG_WARN_INT_CONVERSION = YES;
				CLANG_WARN_NON_LITERAL_NULL_CONVERSION = YES;
				CLANG_WARN_OBJC_IMPLICIT_RETAIN_SELF = YES;
				CLANG_WARN_OBJC_LITERAL_CONVERSION = YES;
				CLANG_WARN_OBJC_ROOT_CLASS = YES_ERROR;
				CLANG_WARN_QUOTED_INCLUDE_IN_FRAMEWORK_HEADER = YES;
				CLANG_WARN_RANGE_LOOP_ANALYSIS = YES;
				CLANG_WARN_STRICT_PROTOTYPES = YES;
				CLANG_WARN_SUSPICIOUS_MOVE = YES;
				CLANG_WARN_UNGUARDED_AVAILABILITY = YES_AGGRESSIVE;
				CLANG_WARN_UNREACHABLE_CODE = YES;
				CLANG_WARN__DUPLICATE_METHOD_MATCH = YES;
				COPY_PHASE_STRIP = NO;
				DEBUG_INFORMATION_FORMAT = "dwarf-with-dsym";
				ENABLE_NS_ASSERTIONS = NO;
				ENABLE_STRICT_OBJC_MSGSEND = YES;
				GCC_C_LANGUAGE_STANDARD = gnu11;
				GCC_NO_COMMON_BLOCKS = YES;
				GCC_WARN_64_TO_32_BIT_CONVERSION = YES;
				GCC_WARN_ABOUT_RETURN_TYPE = YES_ERROR;
				GCC_WARN_UNDECLARED_SELECTOR = YES;
				GCC_WARN_UNINITIALIZED_AUTOS = YES_AGGRESSIVE;
				GCC_WARN_UNUSED_FUNCTION = YES;
				GCC_WARN_UNUSED_VARIABLE = YES;
				IPHONEOS_DEPLOYMENT_TARGET = 14.4;
				MTL_ENABLE_DEBUG_INFO = NO;
				MTL_FAST_MATH = YES;
				SDKROOT = iphoneos;
				SWIFT_COMPILATION_MODE = wholemodule;
				SWIFT_OPTIMIZATION_LEVEL = "-O";
				VALIDATE_PRODUCT = YES;
			};
			name = Release;
		};
		68899166262884B000558290 /* Debug */ = {
			isa = XCBuildConfiguration;
			buildSettings = {
				ASSETCATALOG_COMPILER_APPICON_NAME = AppIcon;
				ASSETCATALOG_COMPILER_GLOBAL_ACCENT_COLOR_NAME = AccentColor;
				CODE_SIGN_STYLE = Automatic;
				DEVELOPMENT_TEAM = DSDWZ2D745;
				INFOPLIST_FILE = WorkoutRecorder_src/Info.plist;
				LD_RUNPATH_SEARCH_PATHS = (
					"$(inherited)",
					"@executable_path/Frameworks",
				);
				PRODUCT_BUNDLE_IDENTIFIER = "com.chit-chat.WorkoutRecorder-src";
				PRODUCT_NAME = "$(TARGET_NAME)";
				SWIFT_VERSION = 5.0;
				TARGETED_DEVICE_FAMILY = "1,2";
			};
			name = Debug;
		};
		68899167262884B000558290 /* Release */ = {
			isa = XCBuildConfiguration;
			buildSettings = {
				ASSETCATALOG_COMPILER_APPICON_NAME = AppIcon;
				ASSETCATALOG_COMPILER_GLOBAL_ACCENT_COLOR_NAME = AccentColor;
				CODE_SIGN_STYLE = Automatic;
				DEVELOPMENT_TEAM = DSDWZ2D745;
				INFOPLIST_FILE = WorkoutRecorder_src/Info.plist;
				LD_RUNPATH_SEARCH_PATHS = (
					"$(inherited)",
					"@executable_path/Frameworks",
				);
				PRODUCT_BUNDLE_IDENTIFIER = "com.chit-chat.WorkoutRecorder-src";
				PRODUCT_NAME = "$(TARGET_NAME)";
				SWIFT_VERSION = 5.0;
				TARGETED_DEVICE_FAMILY = "1,2";
			};
			name = Release;
		};
		68899169262884B000558290 /* Debug */ = {
			isa = XCBuildConfiguration;
			buildSettings = {
				ALWAYS_EMBED_SWIFT_STANDARD_LIBRARIES = YES;
				BUNDLE_LOADER = "$(TEST_HOST)";
				CODE_SIGN_STYLE = Automatic;
				DEVELOPMENT_TEAM = DSDWZ2D745;
				INFOPLIST_FILE = WorkoutRecorder_srcTests/Info.plist;
				IPHONEOS_DEPLOYMENT_TARGET = 14.4;
				LD_RUNPATH_SEARCH_PATHS = (
					"$(inherited)",
					"@executable_path/Frameworks",
					"@loader_path/Frameworks",
				);
				PRODUCT_BUNDLE_IDENTIFIER = "com.chit-chat.WorkoutRecorder-srcTests";
				PRODUCT_NAME = "$(TARGET_NAME)";
				SWIFT_VERSION = 5.0;
				TARGETED_DEVICE_FAMILY = "1,2";
				TEST_HOST = "$(BUILT_PRODUCTS_DIR)/WorkoutRecorder_src.app/WorkoutRecorder_src";
			};
			name = Debug;
		};
		6889916A262884B000558290 /* Release */ = {
			isa = XCBuildConfiguration;
			buildSettings = {
				ALWAYS_EMBED_SWIFT_STANDARD_LIBRARIES = YES;
				BUNDLE_LOADER = "$(TEST_HOST)";
				CODE_SIGN_STYLE = Automatic;
				DEVELOPMENT_TEAM = DSDWZ2D745;
				INFOPLIST_FILE = WorkoutRecorder_srcTests/Info.plist;
				IPHONEOS_DEPLOYMENT_TARGET = 14.4;
				LD_RUNPATH_SEARCH_PATHS = (
					"$(inherited)",
					"@executable_path/Frameworks",
					"@loader_path/Frameworks",
				);
				PRODUCT_BUNDLE_IDENTIFIER = "com.chit-chat.WorkoutRecorder-srcTests";
				PRODUCT_NAME = "$(TARGET_NAME)";
				SWIFT_VERSION = 5.0;
				TARGETED_DEVICE_FAMILY = "1,2";
				TEST_HOST = "$(BUILT_PRODUCTS_DIR)/WorkoutRecorder_src.app/WorkoutRecorder_src";
			};
			name = Release;
		};
		6889916C262884B000558290 /* Debug */ = {
			isa = XCBuildConfiguration;
			buildSettings = {
				ALWAYS_EMBED_SWIFT_STANDARD_LIBRARIES = YES;
				CODE_SIGN_STYLE = Automatic;
				DEVELOPMENT_TEAM = DSDWZ2D745;
				INFOPLIST_FILE = WorkoutRecorder_srcUITests/Info.plist;
				LD_RUNPATH_SEARCH_PATHS = (
					"$(inherited)",
					"@executable_path/Frameworks",
					"@loader_path/Frameworks",
				);
				PRODUCT_BUNDLE_IDENTIFIER = "com.chit-chat.WorkoutRecorder-srcUITests";
				PRODUCT_NAME = "$(TARGET_NAME)";
				SWIFT_VERSION = 5.0;
				TARGETED_DEVICE_FAMILY = "1,2";
				TEST_TARGET_NAME = WorkoutRecorder_src;
			};
			name = Debug;
		};
		6889916D262884B000558290 /* Release */ = {
			isa = XCBuildConfiguration;
			buildSettings = {
				ALWAYS_EMBED_SWIFT_STANDARD_LIBRARIES = YES;
				CODE_SIGN_STYLE = Automatic;
				DEVELOPMENT_TEAM = DSDWZ2D745;
				INFOPLIST_FILE = WorkoutRecorder_srcUITests/Info.plist;
				LD_RUNPATH_SEARCH_PATHS = (
					"$(inherited)",
					"@executable_path/Frameworks",
					"@loader_path/Frameworks",
				);
				PRODUCT_BUNDLE_IDENTIFIER = "com.chit-chat.WorkoutRecorder-srcUITests";
				PRODUCT_NAME = "$(TARGET_NAME)";
				SWIFT_VERSION = 5.0;
				TARGETED_DEVICE_FAMILY = "1,2";
				TEST_TARGET_NAME = WorkoutRecorder_src;
			};
			name = Release;
		};
/* End XCBuildConfiguration section */

/* Begin XCConfigurationList section */
		68899133262884AD00558290 /* Build configuration list for PBXProject "WorkoutRecorder_src" */ = {
			isa = XCConfigurationList;
			buildConfigurations = (
				68899163262884B000558290 /* Debug */,
				68899164262884B000558290 /* Release */,
			);
			defaultConfigurationIsVisible = 0;
			defaultConfigurationName = Release;
		};
		68899165262884B000558290 /* Build configuration list for PBXNativeTarget "WorkoutRecorder_src" */ = {
			isa = XCConfigurationList;
			buildConfigurations = (
				68899166262884B000558290 /* Debug */,
				68899167262884B000558290 /* Release */,
			);
			defaultConfigurationIsVisible = 0;
			defaultConfigurationName = Release;
		};
		68899168262884B000558290 /* Build configuration list for PBXNativeTarget "WorkoutRecorder_srcTests" */ = {
			isa = XCConfigurationList;
			buildConfigurations = (
				68899169262884B000558290 /* Debug */,
				6889916A262884B000558290 /* Release */,
			);
			defaultConfigurationIsVisible = 0;
			defaultConfigurationName = Release;
		};
		6889916B262884B000558290 /* Build configuration list for PBXNativeTarget "WorkoutRecorder_srcUITests" */ = {
			isa = XCConfigurationList;
			buildConfigurations = (
				6889916C262884B000558290 /* Debug */,
				6889916D262884B000558290 /* Release */,
			);
			defaultConfigurationIsVisible = 0;
			defaultConfigurationName = Release;
		};
/* End XCConfigurationList section */

/* Begin XCVersionGroup section */
		68899144262884AD00558290 /* WorkoutRecorder_src.xcdatamodeld */ = {
			isa = XCVersionGroup;
			children = (
				68899145262884AD00558290 /* WorkoutRecorder_src.xcdatamodel */,
			);
			currentVersion = 68899145262884AD00558290 /* WorkoutRecorder_src.xcdatamodel */;
			path = WorkoutRecorder_src.xcdatamodeld;
			sourceTree = "<group>";
			versionGroupType = wrapper.xcdatamodel;
		};
/* End XCVersionGroup section */
	};
	rootObject = 68899130262884AD00558290 /* Project object */;
}
